// !$*UTF8*$!
{
	archiveVersion = 1;
	classes = {
	};
	objectVersion = 46;
	objects = {

/* Begin PBXBuildFile section */
		5DEC06041CC03F7500F6C2C2 /* AppDelegate.swift in Sources */ = {isa = PBXBuildFile; fileRef = 5DEC06031CC03F7500F6C2C2 /* AppDelegate.swift */; };
		5DEC06061CC03F7500F6C2C2 /* ViewController.swift in Sources */ = {isa = PBXBuildFile; fileRef = 5DEC06051CC03F7500F6C2C2 /* ViewController.swift */; };
		5DEC06091CC03F7500F6C2C2 /* Main.storyboard in Resources */ = {isa = PBXBuildFile; fileRef = 5DEC06071CC03F7500F6C2C2 /* Main.storyboard */; };
		5DEC060C1CC03F7500F6C2C2 /* FCTBubbleChatSample.xcdatamodeld in Sources */ = {isa = PBXBuildFile; fileRef = 5DEC060A1CC03F7500F6C2C2 /* FCTBubbleChatSample.xcdatamodeld */; };
		5DEC060E1CC03F7500F6C2C2 /* Assets.xcassets in Resources */ = {isa = PBXBuildFile; fileRef = 5DEC060D1CC03F7500F6C2C2 /* Assets.xcassets */; };
		5DEC06111CC03F7500F6C2C2 /* LaunchScreen.storyboard in Resources */ = {isa = PBXBuildFile; fileRef = 5DEC060F1CC03F7500F6C2C2 /* LaunchScreen.storyboard */; };
		5DEC061C1CC03F7500F6C2C2 /* FCTBubbleChatSampleTests.swift in Sources */ = {isa = PBXBuildFile; fileRef = 5DEC061B1CC03F7500F6C2C2 /* FCTBubbleChatSampleTests.swift */; };
		5DEC06301CC0413500F6C2C2 /* FCTBubbleChat.framework in Frameworks */ = {isa = PBXBuildFile; fileRef = 5DEC062F1CC0413500F6C2C2 /* FCTBubbleChat.framework */; };
/* End PBXBuildFile section */

/* Begin PBXContainerItemProxy section */
		5DEC06181CC03F7500F6C2C2 /* PBXContainerItemProxy */ = {
			isa = PBXContainerItemProxy;
			containerPortal = 5DEC05F81CC03F7500F6C2C2 /* Project object */;
			proxyType = 1;
			remoteGlobalIDString = 5DEC05FF1CC03F7500F6C2C2;
			remoteInfo = FCTBubbleChatSample;
		};
/* End PBXContainerItemProxy section */

/* Begin PBXFileReference section */
		5DEC06001CC03F7500F6C2C2 /* FCTBubbleChatSample.app */ = {isa = PBXFileReference; explicitFileType = wrapper.application; includeInIndex = 0; path = FCTBubbleChatSample.app; sourceTree = BUILT_PRODUCTS_DIR; };
		5DEC06031CC03F7500F6C2C2 /* AppDelegate.swift */ = {isa = PBXFileReference; lastKnownFileType = sourcecode.swift; path = AppDelegate.swift; sourceTree = "<group>"; };
		5DEC06051CC03F7500F6C2C2 /* ViewController.swift */ = {isa = PBXFileReference; lastKnownFileType = sourcecode.swift; path = ViewController.swift; sourceTree = "<group>"; };
		5DEC06081CC03F7500F6C2C2 /* Base */ = {isa = PBXFileReference; lastKnownFileType = file.storyboard; name = Base; path = Base.lproj/Main.storyboard; sourceTree = "<group>"; };
		5DEC060B1CC03F7500F6C2C2 /* FCTBubbleChatSample.xcdatamodel */ = {isa = PBXFileReference; lastKnownFileType = wrapper.xcdatamodel; path = FCTBubbleChatSample.xcdatamodel; sourceTree = "<group>"; };
		5DEC060D1CC03F7500F6C2C2 /* Assets.xcassets */ = {isa = PBXFileReference; lastKnownFileType = folder.assetcatalog; path = Assets.xcassets; sourceTree = "<group>"; };
		5DEC06101CC03F7500F6C2C2 /* Base */ = {isa = PBXFileReference; lastKnownFileType = file.storyboard; name = Base; path = Base.lproj/LaunchScreen.storyboard; sourceTree = "<group>"; };
		5DEC06121CC03F7500F6C2C2 /* Info.plist */ = {isa = PBXFileReference; lastKnownFileType = text.plist.xml; path = Info.plist; sourceTree = "<group>"; };
		5DEC06171CC03F7500F6C2C2 /* FCTBubbleChatSampleTests.xctest */ = {isa = PBXFileReference; explicitFileType = wrapper.cfbundle; includeInIndex = 0; path = FCTBubbleChatSampleTests.xctest; sourceTree = BUILT_PRODUCTS_DIR; };
		5DEC061B1CC03F7500F6C2C2 /* FCTBubbleChatSampleTests.swift */ = {isa = PBXFileReference; lastKnownFileType = sourcecode.swift; path = FCTBubbleChatSampleTests.swift; sourceTree = "<group>"; };
		5DEC061D1CC03F7500F6C2C2 /* Info.plist */ = {isa = PBXFileReference; lastKnownFileType = text.plist.xml; path = Info.plist; sourceTree = "<group>"; };
		5DEC062F1CC0413500F6C2C2 /* FCTBubbleChat.framework */ = {isa = PBXFileReference; lastKnownFileType = wrapper.framework; name = FCTBubbleChat.framework; path = "../../../../../Library/Developer/Xcode/DerivedData/FCTBubbleChat-ajfevckdhjksnldhwyxsaaqlawha/Build/Products/Debug-iphonesimulator/FCTBubbleChat.framework"; sourceTree = "<group>"; };
/* End PBXFileReference section */

/* Begin PBXFrameworksBuildPhase section */
		5DEC05FD1CC03F7500F6C2C2 /* Frameworks */ = {
			isa = PBXFrameworksBuildPhase;
			buildActionMask = 2147483647;
			files = (
				5DEC06301CC0413500F6C2C2 /* FCTBubbleChat.framework in Frameworks */,
			);
			runOnlyForDeploymentPostprocessing = 0;
		};
		5DEC06141CC03F7500F6C2C2 /* Frameworks */ = {
			isa = PBXFrameworksBuildPhase;
			buildActionMask = 2147483647;
			files = (
			);
			runOnlyForDeploymentPostprocessing = 0;
		};
/* End PBXFrameworksBuildPhase section */

/* Begin PBXGroup section */
		5DEC05F71CC03F7500F6C2C2 = {
			isa = PBXGroup;
			children = (
				5DEC062F1CC0413500F6C2C2 /* FCTBubbleChat.framework */,
				5DEC06021CC03F7500F6C2C2 /* FCTBubbleChatSample */,
				5DEC061A1CC03F7500F6C2C2 /* FCTBubbleChatSampleTests */,
				5DEC06011CC03F7500F6C2C2 /* Products */,
			);
			sourceTree = "<group>";
		};
		5DEC06011CC03F7500F6C2C2 /* Products */ = {
			isa = PBXGroup;
			children = (
				5DEC06001CC03F7500F6C2C2 /* FCTBubbleChatSample.app */,
				5DEC06171CC03F7500F6C2C2 /* FCTBubbleChatSampleTests.xctest */,
			);
			name = Products;
			sourceTree = "<group>";
		};
		5DEC06021CC03F7500F6C2C2 /* FCTBubbleChatSample */ = {
			isa = PBXGroup;
			children = (
				5DEC06031CC03F7500F6C2C2 /* AppDelegate.swift */,
				5DEC06051CC03F7500F6C2C2 /* ViewController.swift */,
				5DEC06071CC03F7500F6C2C2 /* Main.storyboard */,
				5DEC060D1CC03F7500F6C2C2 /* Assets.xcassets */,
				5DEC060F1CC03F7500F6C2C2 /* LaunchScreen.storyboard */,
				5DEC06121CC03F7500F6C2C2 /* Info.plist */,
				5DEC060A1CC03F7500F6C2C2 /* FCTBubbleChatSample.xcdatamodeld */,
			);
			path = FCTBubbleChatSample;
			sourceTree = "<group>";
		};
		5DEC061A1CC03F7500F6C2C2 /* FCTBubbleChatSampleTests */ = {
			isa = PBXGroup;
			children = (
				5DEC061B1CC03F7500F6C2C2 /* FCTBubbleChatSampleTests.swift */,
				5DEC061D1CC03F7500F6C2C2 /* Info.plist */,
			);
			path = FCTBubbleChatSampleTests;
			sourceTree = "<group>";
		};
/* End PBXGroup section */

/* Begin PBXNativeTarget section */
		5DEC05FF1CC03F7500F6C2C2 /* FCTBubbleChatSample */ = {
			isa = PBXNativeTarget;
			buildConfigurationList = 5DEC06201CC03F7500F6C2C2 /* Build configuration list for PBXNativeTarget "FCTBubbleChatSample" */;
			buildPhases = (
				5DEC05FC1CC03F7500F6C2C2 /* Sources */,
				5DEC05FD1CC03F7500F6C2C2 /* Frameworks */,
				5DEC05FE1CC03F7500F6C2C2 /* Resources */,
			);
			buildRules = (
			);
			dependencies = (
			);
			name = FCTBubbleChatSample;
			productName = FCTBubbleChatSample;
			productReference = 5DEC06001CC03F7500F6C2C2 /* FCTBubbleChatSample.app */;
			productType = "com.apple.product-type.application";
		};
		5DEC06161CC03F7500F6C2C2 /* FCTBubbleChatSampleTests */ = {
			isa = PBXNativeTarget;
			buildConfigurationList = 5DEC06231CC03F7500F6C2C2 /* Build configuration list for PBXNativeTarget "FCTBubbleChatSampleTests" */;
			buildPhases = (
				5DEC06131CC03F7500F6C2C2 /* Sources */,
				5DEC06141CC03F7500F6C2C2 /* Frameworks */,
				5DEC06151CC03F7500F6C2C2 /* Resources */,
			);
			buildRules = (
			);
			dependencies = (
				5DEC06191CC03F7500F6C2C2 /* PBXTargetDependency */,
			);
			name = FCTBubbleChatSampleTests;
			productName = FCTBubbleChatSampleTests;
			productReference = 5DEC06171CC03F7500F6C2C2 /* FCTBubbleChatSampleTests.xctest */;
			productType = "com.apple.product-type.bundle.unit-test";
		};
/* End PBXNativeTarget section */

/* Begin PBXProject section */
		5DEC05F81CC03F7500F6C2C2 /* Project object */ = {
			isa = PBXProject;
			attributes = {
				LastSwiftUpdateCheck = 0730;
				LastUpgradeCheck = 0730;
				ORGANIZATIONNAME = sebfct;
				TargetAttributes = {
					5DEC05FF1CC03F7500F6C2C2 = {
						CreatedOnToolsVersion = 7.3;
					};
					5DEC06161CC03F7500F6C2C2 = {
						CreatedOnToolsVersion = 7.3;
						TestTargetID = 5DEC05FF1CC03F7500F6C2C2;
					};
				};
			};
			buildConfigurationList = 5DEC05FB1CC03F7500F6C2C2 /* Build configuration list for PBXProject "FCTBubbleChatSample" */;
			compatibilityVersion = "Xcode 3.2";
			developmentRegion = English;
			hasScannedForEncodings = 0;
			knownRegions = (
				en,
				Base,
			);
			mainGroup = 5DEC05F71CC03F7500F6C2C2;
			productRefGroup = 5DEC06011CC03F7500F6C2C2 /* Products */;
			projectDirPath = "";
			projectRoot = "";
			targets = (
				5DEC05FF1CC03F7500F6C2C2 /* FCTBubbleChatSample */,
				5DEC06161CC03F7500F6C2C2 /* FCTBubbleChatSampleTests */,
			);
		};
/* End PBXProject section */

/* Begin PBXResourcesBuildPhase section */
		5DEC05FE1CC03F7500F6C2C2 /* Resources */ = {
			isa = PBXResourcesBuildPhase;
			buildActionMask = 2147483647;
			files = (
				5DEC06111CC03F7500F6C2C2 /* LaunchScreen.storyboard in Resources */,
				5DEC060E1CC03F7500F6C2C2 /* Assets.xcassets in Resources */,
				5DEC06091CC03F7500F6C2C2 /* Main.storyboard in Resources */,
			);
			runOnlyForDeploymentPostprocessing = 0;
		};
		5DEC06151CC03F7500F6C2C2 /* Resources */ = {
			isa = PBXResourcesBuildPhase;
			buildActionMask = 2147483647;
			files = (
			);
			runOnlyForDeploymentPostprocessing = 0;
		};
/* End PBXResourcesBuildPhase section */

/* Begin PBXSourcesBuildPhase section */
		5DEC05FC1CC03F7500F6C2C2 /* Sources */ = {
			isa = PBXSourcesBuildPhase;
			buildActionMask = 2147483647;
			files = (
				5DEC06061CC03F7500F6C2C2 /* ViewController.swift in Sources */,
				5DEC06041CC03F7500F6C2C2 /* AppDelegate.swift in Sources */,
				5DEC060C1CC03F7500F6C2C2 /* FCTBubbleChatSample.xcdatamodeld in Sources */,
			);
			runOnlyForDeploymentPostprocessing = 0;
		};
		5DEC06131CC03F7500F6C2C2 /* Sources */ = {
			isa = PBXSourcesBuildPhase;
			buildActionMask = 2147483647;
			files = (
				5DEC061C1CC03F7500F6C2C2 /* FCTBubbleChatSampleTests.swift in Sources */,
			);
			runOnlyForDeploymentPostprocessing = 0;
		};
/* End PBXSourcesBuildPhase section */

/* Begin PBXTargetDependency section */
		5DEC06191CC03F7500F6C2C2 /* PBXTargetDependency */ = {
			isa = PBXTargetDependency;
			target = 5DEC05FF1CC03F7500F6C2C2 /* FCTBubbleChatSample */;
			targetProxy = 5DEC06181CC03F7500F6C2C2 /* PBXContainerItemProxy */;
		};
/* End PBXTargetDependency section */

/* Begin PBXVariantGroup section */
		5DEC06071CC03F7500F6C2C2 /* Main.storyboard */ = {
			isa = PBXVariantGroup;
			children = (
				5DEC06081CC03F7500F6C2C2 /* Base */,
			);
			name = Main.storyboard;
			sourceTree = "<group>";
		};
		5DEC060F1CC03F7500F6C2C2 /* LaunchScreen.storyboard */ = {
			isa = PBXVariantGroup;
			children = (
				5DEC06101CC03F7500F6C2C2 /* Base */,
			);
			name = LaunchScreen.storyboard;
			sourceTree = "<group>";
		};
/* End PBXVariantGroup section */

/* Begin XCBuildConfiguration section */
		5DEC061E1CC03F7500F6C2C2 /* Debug */ = {
			isa = XCBuildConfiguration;
			buildSettings = {
				ALWAYS_SEARCH_USER_PATHS = NO;
				CLANG_ANALYZER_NONNULL = YES;
				CLANG_CXX_LANGUAGE_STANDARD = "gnu++0x";
				CLANG_CXX_LIBRARY = "libc++";
				CLANG_ENABLE_MODULES = YES;
				CLANG_ENABLE_OBJC_ARC = YES;
				CLANG_WARN_BOOL_CONVERSION = YES;
				CLANG_WARN_CONSTANT_CONVERSION = YES;
				CLANG_WARN_DIRECT_OBJC_ISA_USAGE = YES_ERROR;
				CLANG_WARN_EMPTY_BODY = YES;
				CLANG_WARN_ENUM_CONVERSION = YES;
				CLANG_WARN_INT_CONVERSION = YES;
				CLANG_WARN_OBJC_ROOT_CLASS = YES_ERROR;
				CLANG_WARN_UNREACHABLE_CODE = YES;
				CLANG_WARN__DUPLICATE_METHOD_MATCH = YES;
				"CODE_SIGN_IDENTITY[sdk=iphoneos*]" = "iPhone Developer";
				COPY_PHASE_STRIP = NO;
				DEBUG_INFORMATION_FORMAT = dwarf;
				ENABLE_STRICT_OBJC_MSGSEND = YES;
				ENABLE_TESTABILITY = YES;
				GCC_C_LANGUAGE_STANDARD = gnu99;
				GCC_DYNAMIC_NO_PIC = NO;
				GCC_NO_COMMON_BLOCKS = YES;
				GCC_OPTIMIZATION_LEVEL = 0;
				GCC_PREPROCESSOR_DEFINITIONS = (
					"DEBUG=1",
					"$(inherited)",
				);
				GCC_WARN_64_TO_32_BIT_CONVERSION = YES;
				GCC_WARN_ABOUT_RETURN_TYPE = YES_ERROR;
				GCC_WARN_UNDECLARED_SELECTOR = YES;
				GCC_WARN_UNINITIALIZED_AUTOS = YES_AGGRESSIVE;
				GCC_WARN_UNUSED_FUNCTION = YES;
				GCC_WARN_UNUSED_VARIABLE = YES;
				IPHONEOS_DEPLOYMENT_TARGET = 9.3;
				MTL_ENABLE_DEBUG_INFO = YES;
				ONLY_ACTIVE_ARCH = YES;
				SDKROOT = iphoneos;
				SWIFT_OPTIMIZATION_LEVEL = "-Onone";
				TARGETED_DEVICE_FAMILY = "1,2";
			};
			name = Debug;
		};
		5DEC061F1CC03F7500F6C2C2 /* Release */ = {
			isa = XCBuildConfiguration;
			buildSettings = {
				ALWAYS_SEARCH_USER_PATHS = NO;
				CLANG_ANALYZER_NONNULL = YES;
				CLANG_CXX_LANGUAGE_STANDARD = "gnu++0x";
				CLANG_CXX_LIBRARY = "libc++";
				CLANG_ENABLE_MODULES = YES;
				CLANG_ENABLE_OBJC_ARC = YES;
				CLANG_WARN_BOOL_CONVERSION = YES;
				CLANG_WARN_CONSTANT_CONVERSION = YES;
				CLANG_WARN_DIRECT_OBJC_ISA_USAGE = YES_ERROR;
				CLANG_WARN_EMPTY_BODY = YES;
				CLANG_WARN_ENUM_CONVERSION = YES;
				CLANG_WARN_INT_CONVERSION = YES;
				CLANG_WARN_OBJC_ROOT_CLASS = YES_ERROR;
				CLANG_WARN_UNREACHABLE_CODE = YES;
				CLANG_WARN__DUPLICATE_METHOD_MATCH = YES;
				"CODE_SIGN_IDENTITY[sdk=iphoneos*]" = "iPhone Developer";
				COPY_PHASE_STRIP = NO;
				DEBUG_INFORMATION_FORMAT = "dwarf-with-dsym";
				ENABLE_NS_ASSERTIONS = NO;
				ENABLE_STRICT_OBJC_MSGSEND = YES;
				GCC_C_LANGUAGE_STANDARD = gnu99;
				GCC_NO_COMMON_BLOCKS = YES;
				GCC_WARN_64_TO_32_BIT_CONVERSION = YES;
				GCC_WARN_ABOUT_RETURN_TYPE = YES_ERROR;
				GCC_WARN_UNDECLARED_SELECTOR = YES;
				GCC_WARN_UNINITIALIZED_AUTOS = YES_AGGRESSIVE;
				GCC_WARN_UNUSED_FUNCTION = YES;
				GCC_WARN_UNUSED_VARIABLE = YES;
				IPHONEOS_DEPLOYMENT_TARGET = 9.3;
				MTL_ENABLE_DEBUG_INFO = NO;
				SDKROOT = iphoneos;
				TARGETED_DEVICE_FAMILY = "1,2";
				VALIDATE_PRODUCT = YES;
			};
			name = Release;
		};
		5DEC06211CC03F7500F6C2C2 /* Debug */ = {
			isa = XCBuildConfiguration;
			buildSettings = {
				ASSETCATALOG_COMPILER_APPICON_NAME = AppIcon;
				INFOPLIST_FILE = FCTBubbleChatSample/Info.plist;
				LD_RUNPATH_SEARCH_PATHS = "$(inherited) @executable_path/Frameworks";
				PRODUCT_BUNDLE_IDENTIFIER = sfct.FCTBubbleChatSample;
				PRODUCT_NAME = "$(TARGET_NAME)";
			};
			name = Debug;
		};
		5DEC06221CC03F7500F6C2C2 /* Release */ = {
			isa = XCBuildConfiguration;
			buildSettings = {
				ASSETCATALOG_COMPILER_APPICON_NAME = AppIcon;
				INFOPLIST_FILE = FCTBubbleChatSample/Info.plist;
				LD_RUNPATH_SEARCH_PATHS = "$(inherited) @executable_path/Frameworks";
				PRODUCT_BUNDLE_IDENTIFIER = sfct.FCTBubbleChatSample;
				PRODUCT_NAME = "$(TARGET_NAME)";
			};
			name = Release;
		};
		5DEC06241CC03F7500F6C2C2 /* Debug */ = {
			isa = XCBuildConfiguration;
			buildSettings = {
				BUNDLE_LOADER = "$(TEST_HOST)";
				INFOPLIST_FILE = FCTBubbleChatSampleTests/Info.plist;
				LD_RUNPATH_SEARCH_PATHS = "$(inherited) @executable_path/Frameworks @loader_path/Frameworks";
				PRODUCT_BUNDLE_IDENTIFIER = sfct.FCTBubbleChatSampleTests;
				PRODUCT_NAME = "$(TARGET_NAME)";
				TEST_HOST = "$(BUILT_PRODUCTS_DIR)/FCTBubbleChatSample.app/FCTBubbleChatSample";
			};
			name = Debug;
		};
		5DEC06251CC03F7500F6C2C2 /* Release */ = {
			isa = XCBuildConfiguration;
			buildSettings = {
				BUNDLE_LOADER = "$(TEST_HOST)";
				INFOPLIST_FILE = FCTBubbleChatSampleTests/Info.plist;
				LD_RUNPATH_SEARCH_PATHS = "$(inherited) @executable_path/Frameworks @loader_path/Frameworks";
				PRODUCT_BUNDLE_IDENTIFIER = sfct.FCTBubbleChatSampleTests;
				PRODUCT_NAME = "$(TARGET_NAME)";
				TEST_HOST = "$(BUILT_PRODUCTS_DIR)/FCTBubbleChatSample.app/FCTBubbleChatSample";
			};
			name = Release;
		};
/* End XCBuildConfiguration section */

/* Begin XCConfigurationList section */
		5DEC05FB1CC03F7500F6C2C2 /* Build configuration list for PBXProject "FCTBubbleChatSample" */ = {
			isa = XCConfigurationList;
			buildConfigurations = (
				5DEC061E1CC03F7500F6C2C2 /* Debug */,
				5DEC061F1CC03F7500F6C2C2 /* Release */,
			);
			defaultConfigurationIsVisible = 0;
			defaultConfigurationName = Release;
		};
		5DEC06201CC03F7500F6C2C2 /* Build configuration list for PBXNativeTarget "FCTBubbleChatSample" */ = {
			isa = XCConfigurationList;
			buildConfigurations = (
				5DEC06211CC03F7500F6C2C2 /* Debug */,
				5DEC06221CC03F7500F6C2C2 /* Release */,
			);
			defaultConfigurationIsVisible = 0;
		};
		5DEC06231CC03F7500F6C2C2 /* Build configuration list for PBXNativeTarget "FCTBubbleChatSampleTests" */ = {
			isa = XCConfigurationList;
			buildConfigurations = (
				5DEC06241CC03F7500F6C2C2 /* Debug */,
				5DEC06251CC03F7500F6C2C2 /* Release */,
			);
			defaultConfigurationIsVisible = 0;
		};
/* End XCConfigurationList section */

/* Begin XCVersionGroup section */
		5DEC060A1CC03F7500F6C2C2 /* FCTBubbleChatSample.xcdatamodeld */ = {
			isa = XCVersionGroup;
			children = (
				5DEC060B1CC03F7500F6C2C2 /* FCTBubbleChatSample.xcdatamodel */,
			);
			currentVersion = 5DEC060B1CC03F7500F6C2C2 /* FCTBubbleChatSample.xcdatamodel */;
			path = FCTBubbleChatSample.xcdatamodeld;
			sourceTree = "<group>";
			versionGroupType = wrapper.xcdatamodel;
		};
/* End XCVersionGroup section */
	};
	rootObject = 5DEC05F81CC03F7500F6C2C2 /* Project object */;
}
