// !$*UTF8*$!
{
	archiveVersion = 1;
	classes = {
	};
	objectVersion = 46;
	objects = {

/* Begin PBXBuildFile section */
		9F261641196292BB007FF741 /* Foundation.framework in Frameworks */ = {isa = PBXBuildFile; fileRef = 9F261640196292BB007FF741 /* Foundation.framework */; };
		9F261643196292BB007FF741 /* CoreGraphics.framework in Frameworks */ = {isa = PBXBuildFile; fileRef = 9F261642196292BB007FF741 /* CoreGraphics.framework */; };
		9F261645196292BB007FF741 /* UIKit.framework in Frameworks */ = {isa = PBXBuildFile; fileRef = 9F261644196292BB007FF741 /* UIKit.framework */; };
		9F26164B196292BB007FF741 /* InfoPlist.strings in Resources */ = {isa = PBXBuildFile; fileRef = 9F261649196292BB007FF741 /* InfoPlist.strings */; };
		9F26164D196292BB007FF741 /* main.m in Sources */ = {isa = PBXBuildFile; fileRef = 9F26164C196292BB007FF741 /* main.m */; };
		9F261651196292BB007FF741 /* FCTAppDelegate.m in Sources */ = {isa = PBXBuildFile; fileRef = 9F261650196292BB007FF741 /* FCTAppDelegate.m */; };
		9F261653196292BB007FF741 /* Images.xcassets in Resources */ = {isa = PBXBuildFile; fileRef = 9F261652196292BB007FF741 /* Images.xcassets */; };
		9F26165A196292BB007FF741 /* XCTest.framework in Frameworks */ = {isa = PBXBuildFile; fileRef = 9F261659196292BB007FF741 /* XCTest.framework */; };
		9F26165B196292BB007FF741 /* Foundation.framework in Frameworks */ = {isa = PBXBuildFile; fileRef = 9F261640196292BB007FF741 /* Foundation.framework */; };
		9F26165C196292BB007FF741 /* UIKit.framework in Frameworks */ = {isa = PBXBuildFile; fileRef = 9F261644196292BB007FF741 /* UIKit.framework */; };
		9F261664196292BB007FF741 /* InfoPlist.strings in Resources */ = {isa = PBXBuildFile; fileRef = 9F261662196292BB007FF741 /* InfoPlist.strings */; };
		9F261666196292BB007FF741 /* FCTBubbleChatTests.m in Sources */ = {isa = PBXBuildFile; fileRef = 9F261665196292BB007FF741 /* FCTBubbleChatTests.m */; };
		9F26167119629C2C007FF741 /* FCTBubbleData.m in Sources */ = {isa = PBXBuildFile; fileRef = 9F26167019629C2C007FF741 /* FCTBubbleData.m */; };
		9F2616781962B2D9007FF741 /* FCTBubbleTableViewCell.m in Sources */ = {isa = PBXBuildFile; fileRef = 9F2616771962B2D9007FF741 /* FCTBubbleTableViewCell.m */; };
		9F4385F0196D1DD90096A2A9 /* fctbc_ic_custom_avatar.png in Resources */ = {isa = PBXBuildFile; fileRef = 9F4385EF196D1DD90096A2A9 /* fctbc_ic_custom_avatar.png */; };
		9F80F11E1963A2F400FF6132 /* FCTBubbleTableView.m in Sources */ = {isa = PBXBuildFile; fileRef = 9F80F11D1963A2F400FF6132 /* FCTBubbleTableView.m */; };
		9F80F1221963A56000FF6132 /* SimpleViewController.m in Sources */ = {isa = PBXBuildFile; fileRef = 9F80F1211963A56000FF6132 /* SimpleViewController.m */; };
		9F9F617F196BD2CA001C2AAE /* image.jpg in Resources */ = {isa = PBXBuildFile; fileRef = 9F9F617E196BD2CA001C2AAE /* image.jpg */; };
		9F9F6183196BEE6D001C2AAE /* fctbc_ic_default_user.png in Resources */ = {isa = PBXBuildFile; fileRef = 9F9F6182196BEE6D001C2AAE /* fctbc_ic_default_user.png */; };
/* End PBXBuildFile section */

/* Begin PBXContainerItemProxy section */
		9F26165D196292BB007FF741 /* PBXContainerItemProxy */ = {
			isa = PBXContainerItemProxy;
			containerPortal = 9F261635196292BB007FF741 /* Project object */;
			proxyType = 1;
			remoteGlobalIDString = 9F26163C196292BB007FF741;
			remoteInfo = FCTBubbleChat;
		};
/* End PBXContainerItemProxy section */

/* Begin PBXFileReference section */
		9F26163D196292BB007FF741 /* FCTBubbleChat.app */ = {isa = PBXFileReference; explicitFileType = wrapper.application; includeInIndex = 0; path = FCTBubbleChat.app; sourceTree = BUILT_PRODUCTS_DIR; };
		9F261640196292BB007FF741 /* Foundation.framework */ = {isa = PBXFileReference; lastKnownFileType = wrapper.framework; name = Foundation.framework; path = System/Library/Frameworks/Foundation.framework; sourceTree = SDKROOT; };
		9F261642196292BB007FF741 /* CoreGraphics.framework */ = {isa = PBXFileReference; lastKnownFileType = wrapper.framework; name = CoreGraphics.framework; path = System/Library/Frameworks/CoreGraphics.framework; sourceTree = SDKROOT; };
		9F261644196292BB007FF741 /* UIKit.framework */ = {isa = PBXFileReference; lastKnownFileType = wrapper.framework; name = UIKit.framework; path = System/Library/Frameworks/UIKit.framework; sourceTree = SDKROOT; };
		9F261648196292BB007FF741 /* FCTBubbleChat-Info.plist */ = {isa = PBXFileReference; lastKnownFileType = text.plist.xml; path = "FCTBubbleChat-Info.plist"; sourceTree = "<group>"; };
		9F26164A196292BB007FF741 /* en */ = {isa = PBXFileReference; lastKnownFileType = text.plist.strings; name = en; path = en.lproj/InfoPlist.strings; sourceTree = "<group>"; };
		9F26164C196292BB007FF741 /* main.m */ = {isa = PBXFileReference; lastKnownFileType = sourcecode.c.objc; path = main.m; sourceTree = "<group>"; };
		9F26164E196292BB007FF741 /* FCTBubbleChat-Prefix.pch */ = {isa = PBXFileReference; lastKnownFileType = sourcecode.c.h; path = "FCTBubbleChat-Prefix.pch"; sourceTree = "<group>"; };
		9F26164F196292BB007FF741 /* FCTAppDelegate.h */ = {isa = PBXFileReference; lastKnownFileType = sourcecode.c.h; path = FCTAppDelegate.h; sourceTree = "<group>"; };
		9F261650196292BB007FF741 /* FCTAppDelegate.m */ = {isa = PBXFileReference; lastKnownFileType = sourcecode.c.objc; path = FCTAppDelegate.m; sourceTree = "<group>"; };
		9F261652196292BB007FF741 /* Images.xcassets */ = {isa = PBXFileReference; lastKnownFileType = folder.assetcatalog; path = Images.xcassets; sourceTree = "<group>"; };
		9F261658196292BB007FF741 /* FCTBubbleChatTests.xctest */ = {isa = PBXFileReference; explicitFileType = wrapper.cfbundle; includeInIndex = 0; path = FCTBubbleChatTests.xctest; sourceTree = BUILT_PRODUCTS_DIR; };
		9F261659196292BB007FF741 /* XCTest.framework */ = {isa = PBXFileReference; lastKnownFileType = wrapper.framework; name = XCTest.framework; path = Library/Frameworks/XCTest.framework; sourceTree = DEVELOPER_DIR; };
		9F261661196292BB007FF741 /* FCTBubbleChatTests-Info.plist */ = {isa = PBXFileReference; lastKnownFileType = text.plist.xml; path = "FCTBubbleChatTests-Info.plist"; sourceTree = "<group>"; };
		9F261663196292BB007FF741 /* en */ = {isa = PBXFileReference; lastKnownFileType = text.plist.strings; name = en; path = en.lproj/InfoPlist.strings; sourceTree = "<group>"; };
		9F261665196292BB007FF741 /* FCTBubbleChatTests.m */ = {isa = PBXFileReference; lastKnownFileType = sourcecode.c.objc; path = FCTBubbleChatTests.m; sourceTree = "<group>"; };
		9F26166F19629C2C007FF741 /* FCTBubbleData.h */ = {isa = PBXFileReference; fileEncoding = 4; lastKnownFileType = sourcecode.c.h; path = FCTBubbleData.h; sourceTree = "<group>"; };
		9F26167019629C2C007FF741 /* FCTBubbleData.m */ = {isa = PBXFileReference; fileEncoding = 4; lastKnownFileType = sourcecode.c.objc; path = FCTBubbleData.m; sourceTree = "<group>"; };
		9F2616761962B2D9007FF741 /* FCTBubbleTableViewCell.h */ = {isa = PBXFileReference; fileEncoding = 4; lastKnownFileType = sourcecode.c.h; path = FCTBubbleTableViewCell.h; sourceTree = "<group>"; };
		9F2616771962B2D9007FF741 /* FCTBubbleTableViewCell.m */ = {isa = PBXFileReference; fileEncoding = 4; lastKnownFileType = sourcecode.c.objc; path = FCTBubbleTableViewCell.m; sourceTree = "<group>"; };
		9F411461196A423D000C9ED5 /* FCTBubbleTableViewDatasource.h */ = {isa = PBXFileReference; lastKnownFileType = sourcecode.c.h; path = FCTBubbleTableViewDatasource.h; sourceTree = "<group>"; };
		9F4385EF196D1DD90096A2A9 /* fctbc_ic_custom_avatar.png */ = {isa = PBXFileReference; lastKnownFileType = image.png; path = fctbc_ic_custom_avatar.png; sourceTree = "<group>"; };
		9F80F11C1963A2F400FF6132 /* FCTBubbleTableView.h */ = {isa = PBXFileReference; fileEncoding = 4; lastKnownFileType = sourcecode.c.h; path = FCTBubbleTableView.h; sourceTree = "<group>"; };
		9F80F11D1963A2F400FF6132 /* FCTBubbleTableView.m */ = {isa = PBXFileReference; fileEncoding = 4; lastKnownFileType = sourcecode.c.objc; path = FCTBubbleTableView.m; sourceTree = "<group>"; };
		9F80F1201963A56000FF6132 /* SimpleViewController.h */ = {isa = PBXFileReference; fileEncoding = 4; lastKnownFileType = sourcecode.c.h; path = SimpleViewController.h; sourceTree = "<group>"; };
		9F80F1211963A56000FF6132 /* SimpleViewController.m */ = {isa = PBXFileReference; fileEncoding = 4; lastKnownFileType = sourcecode.c.objc; path = SimpleViewController.m; sourceTree = "<group>"; };
		9F9F617E196BD2CA001C2AAE /* image.jpg */ = {isa = PBXFileReference; lastKnownFileType = image.jpeg; path = image.jpg; sourceTree = "<group>"; };
		9F9F6182196BEE6D001C2AAE /* fctbc_ic_default_user.png */ = {isa = PBXFileReference; lastKnownFileType = image.png; path = fctbc_ic_default_user.png; sourceTree = "<group>"; };
/* End PBXFileReference section */

/* Begin PBXFrameworksBuildPhase section */
		9F26163A196292BB007FF741 /* Frameworks */ = {
			isa = PBXFrameworksBuildPhase;
			buildActionMask = 2147483647;
			files = (
				9F261643196292BB007FF741 /* CoreGraphics.framework in Frameworks */,
				9F261645196292BB007FF741 /* UIKit.framework in Frameworks */,
				9F261641196292BB007FF741 /* Foundation.framework in Frameworks */,
			);
			runOnlyForDeploymentPostprocessing = 0;
		};
		9F261655196292BB007FF741 /* Frameworks */ = {
			isa = PBXFrameworksBuildPhase;
			buildActionMask = 2147483647;
			files = (
				9F26165A196292BB007FF741 /* XCTest.framework in Frameworks */,
				9F26165C196292BB007FF741 /* UIKit.framework in Frameworks */,
				9F26165B196292BB007FF741 /* Foundation.framework in Frameworks */,
			);
			runOnlyForDeploymentPostprocessing = 0;
		};
/* End PBXFrameworksBuildPhase section */

/* Begin PBXGroup section */
		9F261634196292BB007FF741 = {
			isa = PBXGroup;
			children = (
				9F261646196292BB007FF741 /* FCTBubbleChat */,
				9F26165F196292BB007FF741 /* FCTBubbleChatTests */,
				9F26163F196292BB007FF741 /* Frameworks */,
				9F26163E196292BB007FF741 /* Products */,
			);
			sourceTree = "<group>";
		};
		9F26163E196292BB007FF741 /* Products */ = {
			isa = PBXGroup;
			children = (
				9F26163D196292BB007FF741 /* FCTBubbleChat.app */,
				9F261658196292BB007FF741 /* FCTBubbleChatTests.xctest */,
			);
			name = Products;
			sourceTree = "<group>";
		};
		9F26163F196292BB007FF741 /* Frameworks */ = {
			isa = PBXGroup;
			children = (
				9F261640196292BB007FF741 /* Foundation.framework */,
				9F261642196292BB007FF741 /* CoreGraphics.framework */,
				9F261644196292BB007FF741 /* UIKit.framework */,
				9F261659196292BB007FF741 /* XCTest.framework */,
			);
			name = Frameworks;
			sourceTree = "<group>";
		};
		9F261646196292BB007FF741 /* FCTBubbleChat */ = {
			isa = PBXGroup;
			children = (
				9F4385EF196D1DD90096A2A9 /* fctbc_ic_custom_avatar.png */,
				9F9F6182196BEE6D001C2AAE /* fctbc_ic_default_user.png */,
				9F9F617E196BD2CA001C2AAE /* image.jpg */,
				9F80F11F1963A53F00FF6132 /* Test */,
				9F2616731962B290007FF741 /* CustomBubble */,
				9F2616721962B27F007FF741 /* AppDelegate */,
				9F261652196292BB007FF741 /* Images.xcassets */,
				9F261647196292BB007FF741 /* Supporting Files */,
			);
			path = FCTBubbleChat;
			sourceTree = "<group>";
		};
		9F261647196292BB007FF741 /* Supporting Files */ = {
			isa = PBXGroup;
			children = (
				9F261648196292BB007FF741 /* FCTBubbleChat-Info.plist */,
				9F261649196292BB007FF741 /* InfoPlist.strings */,
				9F26164C196292BB007FF741 /* main.m */,
				9F26164E196292BB007FF741 /* FCTBubbleChat-Prefix.pch */,
			);
			name = "Supporting Files";
			sourceTree = "<group>";
		};
		9F26165F196292BB007FF741 /* FCTBubbleChatTests */ = {
			isa = PBXGroup;
			children = (
				9F261665196292BB007FF741 /* FCTBubbleChatTests.m */,
				9F261660196292BB007FF741 /* Supporting Files */,
			);
			path = FCTBubbleChatTests;
			sourceTree = "<group>";
		};
		9F261660196292BB007FF741 /* Supporting Files */ = {
			isa = PBXGroup;
			children = (
				9F261661196292BB007FF741 /* FCTBubbleChatTests-Info.plist */,
				9F261662196292BB007FF741 /* InfoPlist.strings */,
			);
			name = "Supporting Files";
			sourceTree = "<group>";
		};
		9F2616721962B27F007FF741 /* AppDelegate */ = {
			isa = PBXGroup;
			children = (
				9F26164F196292BB007FF741 /* FCTAppDelegate.h */,
				9F261650196292BB007FF741 /* FCTAppDelegate.m */,
			);
			name = AppDelegate;
			sourceTree = "<group>";
		};
		9F2616731962B290007FF741 /* CustomBubble */ = {
			isa = PBXGroup;
			children = (
				9F26166F19629C2C007FF741 /* FCTBubbleData.h */,
				9F26167019629C2C007FF741 /* FCTBubbleData.m */,
				9F80F11C1963A2F400FF6132 /* FCTBubbleTableView.h */,
				9F80F11D1963A2F400FF6132 /* FCTBubbleTableView.m */,
				9F2616761962B2D9007FF741 /* FCTBubbleTableViewCell.h */,
				9F2616771962B2D9007FF741 /* FCTBubbleTableViewCell.m */,
				9F411461196A423D000C9ED5 /* FCTBubbleTableViewDatasource.h */,
			);
			name = CustomBubble;
			sourceTree = "<group>";
		};
		9F80F11F1963A53F00FF6132 /* Test */ = {
			isa = PBXGroup;
			children = (
				9F80F1201963A56000FF6132 /* SimpleViewController.h */,
				9F80F1211963A56000FF6132 /* SimpleViewController.m */,
			);
			name = Test;
			sourceTree = "<group>";
		};
/* End PBXGroup section */

/* Begin PBXNativeTarget section */
		9F26163C196292BB007FF741 /* FCTBubbleChat */ = {
			isa = PBXNativeTarget;
			buildConfigurationList = 9F261669196292BB007FF741 /* Build configuration list for PBXNativeTarget "FCTBubbleChat" */;
			buildPhases = (
				9F261639196292BB007FF741 /* Sources */,
				9F26163A196292BB007FF741 /* Frameworks */,
				9F26163B196292BB007FF741 /* Resources */,
			);
			buildRules = (
			);
			dependencies = (
			);
			name = FCTBubbleChat;
			productName = FCTBubbleChat;
			productReference = 9F26163D196292BB007FF741 /* FCTBubbleChat.app */;
			productType = "com.apple.product-type.application";
		};
		9F261657196292BB007FF741 /* FCTBubbleChatTests */ = {
			isa = PBXNativeTarget;
			buildConfigurationList = 9F26166C196292BB007FF741 /* Build configuration list for PBXNativeTarget "FCTBubbleChatTests" */;
			buildPhases = (
				9F261654196292BB007FF741 /* Sources */,
				9F261655196292BB007FF741 /* Frameworks */,
				9F261656196292BB007FF741 /* Resources */,
			);
			buildRules = (
			);
			dependencies = (
				9F26165E196292BB007FF741 /* PBXTargetDependency */,
			);
			name = FCTBubbleChatTests;
			productName = FCTBubbleChatTests;
			productReference = 9F261658196292BB007FF741 /* FCTBubbleChatTests.xctest */;
			productType = "com.apple.product-type.bundle.unit-test";
		};
/* End PBXNativeTarget section */

/* Begin PBXProject section */
		9F261635196292BB007FF741 /* Project object */ = {
			isa = PBXProject;
			attributes = {
				CLASSPREFIX = FCT;
				LastUpgradeCheck = 0510;
				ORGANIZATIONNAME = "Sebastien FCT";
				TargetAttributes = {
					9F261657196292BB007FF741 = {
						TestTargetID = 9F26163C196292BB007FF741;
					};
				};
			};
			buildConfigurationList = 9F261638196292BB007FF741 /* Build configuration list for PBXProject "FCTBubbleChat" */;
			compatibilityVersion = "Xcode 3.2";
			developmentRegion = English;
			hasScannedForEncodings = 0;
			knownRegions = (
				en,
			);
			mainGroup = 9F261634196292BB007FF741;
			productRefGroup = 9F26163E196292BB007FF741 /* Products */;
			projectDirPath = "";
			projectRoot = "";
			targets = (
				9F26163C196292BB007FF741 /* FCTBubbleChat */,
				9F261657196292BB007FF741 /* FCTBubbleChatTests */,
			);
		};
/* End PBXProject section */

/* Begin PBXResourcesBuildPhase section */
		9F26163B196292BB007FF741 /* Resources */ = {
			isa = PBXResourcesBuildPhase;
			buildActionMask = 2147483647;
			files = (
				9F26164B196292BB007FF741 /* InfoPlist.strings in Resources */,
				9F261653196292BB007FF741 /* Images.xcassets in Resources */,
				9F9F617F196BD2CA001C2AAE /* image.jpg in Resources */,
				9F9F6183196BEE6D001C2AAE /* fctbc_ic_default_user.png in Resources */,
				9F4385F0196D1DD90096A2A9 /* fctbc_ic_custom_avatar.png in Resources */,
			);
			runOnlyForDeploymentPostprocessing = 0;
		};
		9F261656196292BB007FF741 /* Resources */ = {
			isa = PBXResourcesBuildPhase;
			buildActionMask = 2147483647;
			files = (
				9F261664196292BB007FF741 /* InfoPlist.strings in Resources */,
			);
			runOnlyForDeploymentPostprocessing = 0;
		};
/* End PBXResourcesBuildPhase section */

/* Begin PBXSourcesBuildPhase section */
		9F261639196292BB007FF741 /* Sources */ = {
			isa = PBXSourcesBuildPhase;
			buildActionMask = 2147483647;
			files = (
				9F26167119629C2C007FF741 /* FCTBubbleData.m in Sources */,
				9F261651196292BB007FF741 /* FCTAppDelegate.m in Sources */,
				9F80F11E1963A2F400FF6132 /* FCTBubbleTableView.m in Sources */,
				9F26164D196292BB007FF741 /* main.m in Sources */,
				9F80F1221963A56000FF6132 /* SimpleViewController.m in Sources */,
				9F2616781962B2D9007FF741 /* FCTBubbleTableViewCell.m in Sources */,
			);
			runOnlyForDeploymentPostprocessing = 0;
		};
		9F261654196292BB007FF741 /* Sources */ = {
			isa = PBXSourcesBuildPhase;
			buildActionMask = 2147483647;
			files = (
				9F261666196292BB007FF741 /* FCTBubbleChatTests.m in Sources */,
			);
			runOnlyForDeploymentPostprocessing = 0;
		};
/* End PBXSourcesBuildPhase section */

/* Begin PBXTargetDependency section */
		9F26165E196292BB007FF741 /* PBXTargetDependency */ = {
			isa = PBXTargetDependency;
			target = 9F26163C196292BB007FF741 /* FCTBubbleChat */;
			targetProxy = 9F26165D196292BB007FF741 /* PBXContainerItemProxy */;
		};
/* End PBXTargetDependency section */

/* Begin PBXVariantGroup section */
		9F261649196292BB007FF741 /* InfoPlist.strings */ = {
			isa = PBXVariantGroup;
			children = (
				9F26164A196292BB007FF741 /* en */,
			);
			name = InfoPlist.strings;
			sourceTree = "<group>";
		};
		9F261662196292BB007FF741 /* InfoPlist.strings */ = {
			isa = PBXVariantGroup;
			children = (
				9F261663196292BB007FF741 /* en */,
			);
			name = InfoPlist.strings;
			sourceTree = "<group>";
		};
/* End PBXVariantGroup section */

/* Begin XCBuildConfiguration section */
		9F261667196292BB007FF741 /* Debug */ = {
			isa = XCBuildConfiguration;
			buildSettings = {
				ALWAYS_SEARCH_USER_PATHS = NO;
				CLANG_CXX_LANGUAGE_STANDARD = "gnu++0x";
				CLANG_CXX_LIBRARY = "libc++";
				CLANG_ENABLE_MODULES = YES;
				CLANG_ENABLE_OBJC_ARC = YES;
				CLANG_WARN_BOOL_CONVERSION = YES;
				CLANG_WARN_CONSTANT_CONVERSION = YES;
				CLANG_WARN_DIRECT_OBJC_ISA_USAGE = YES_ERROR;
				CLANG_WARN_EMPTY_BODY = YES;
				CLANG_WARN_ENUM_CONVERSION = YES;
				CLANG_WARN_INT_CONVERSION = YES;
				CLANG_WARN_OBJC_ROOT_CLASS = YES_ERROR;
				CLANG_WARN__DUPLICATE_METHOD_MATCH = YES;
				"CODE_SIGN_IDENTITY[sdk=iphoneos*]" = "iPhone Developer";
				COPY_PHASE_STRIP = NO;
				GCC_C_LANGUAGE_STANDARD = gnu99;
				GCC_DYNAMIC_NO_PIC = NO;
				GCC_OPTIMIZATION_LEVEL = 0;
				GCC_PREPROCESSOR_DEFINITIONS = (
					"DEBUG=1",
					"$(inherited)",
				);
				GCC_SYMBOLS_PRIVATE_EXTERN = NO;
				GCC_WARN_64_TO_32_BIT_CONVERSION = YES;
				GCC_WARN_ABOUT_RETURN_TYPE = YES_ERROR;
				GCC_WARN_UNDECLARED_SELECTOR = YES;
				GCC_WARN_UNINITIALIZED_AUTOS = YES_AGGRESSIVE;
				GCC_WARN_UNUSED_FUNCTION = YES;
				GCC_WARN_UNUSED_VARIABLE = YES;
				IPHONEOS_DEPLOYMENT_TARGET = 7.1;
				ONLY_ACTIVE_ARCH = YES;
				SDKROOT = iphoneos;
			};
			name = Debug;
		};
		9F261668196292BB007FF741 /* Release */ = {
			isa = XCBuildConfiguration;
			buildSettings = {
				ALWAYS_SEARCH_USER_PATHS = NO;
				CLANG_CXX_LANGUAGE_STANDARD = "gnu++0x";
				CLANG_CXX_LIBRARY = "libc++";
				CLANG_ENABLE_MODULES = YES;
				CLANG_ENABLE_OBJC_ARC = YES;
				CLANG_WARN_BOOL_CONVERSION = YES;
				CLANG_WARN_CONSTANT_CONVERSION = YES;
				CLANG_WARN_DIRECT_OBJC_ISA_USAGE = YES_ERROR;
				CLANG_WARN_EMPTY_BODY = YES;
				CLANG_WARN_ENUM_CONVERSION = YES;
				CLANG_WARN_INT_CONVERSION = YES;
				CLANG_WARN_OBJC_ROOT_CLASS = YES_ERROR;
				CLANG_WARN__DUPLICATE_METHOD_MATCH = YES;
				"CODE_SIGN_IDENTITY[sdk=iphoneos*]" = "iPhone Developer";
				COPY_PHASE_STRIP = YES;
				ENABLE_NS_ASSERTIONS = NO;
				GCC_C_LANGUAGE_STANDARD = gnu99;
				GCC_WARN_64_TO_32_BIT_CONVERSION = YES;
				GCC_WARN_ABOUT_RETURN_TYPE = YES_ERROR;
				GCC_WARN_UNDECLARED_SELECTOR = YES;
				GCC_WARN_UNINITIALIZED_AUTOS = YES_AGGRESSIVE;
				GCC_WARN_UNUSED_FUNCTION = YES;
				GCC_WARN_UNUSED_VARIABLE = YES;
				IPHONEOS_DEPLOYMENT_TARGET = 7.1;
				SDKROOT = iphoneos;
				VALIDATE_PRODUCT = YES;
			};
			name = Release;
		};
		9F26166A196292BB007FF741 /* Debug */ = {
			isa = XCBuildConfiguration;
			buildSettings = {
				ASSETCATALOG_COMPILER_APPICON_NAME = AppIcon;
				ASSETCATALOG_COMPILER_LAUNCHIMAGE_NAME = LaunchImage;
				GCC_PRECOMPILE_PREFIX_HEADER = YES;
				GCC_PREFIX_HEADER = "FCTBubbleChat/FCTBubbleChat-Prefix.pch";
				INFOPLIST_FILE = "FCTBubbleChat/FCTBubbleChat-Info.plist";
				PRODUCT_NAME = "$(TARGET_NAME)";
				WRAPPER_EXTENSION = app;
			};
			name = Debug;
		};
		9F26166B196292BB007FF741 /* Release */ = {
			isa = XCBuildConfiguration;
			buildSettings = {
				ASSETCATALOG_COMPILER_APPICON_NAME = AppIcon;
				ASSETCATALOG_COMPILER_LAUNCHIMAGE_NAME = LaunchImage;
				GCC_PRECOMPILE_PREFIX_HEADER = YES;
				GCC_PREFIX_HEADER = "FCTBubbleChat/FCTBubbleChat-Prefix.pch";
				INFOPLIST_FILE = "FCTBubbleChat/FCTBubbleChat-Info.plist";
				PRODUCT_NAME = "$(TARGET_NAME)";
				WRAPPER_EXTENSION = app;
			};
			name = Release;
		};
		9F26166D196292BB007FF741 /* Debug */ = {
			isa = XCBuildConfiguration;
			buildSettings = {
				BUNDLE_LOADER = "$(BUILT_PRODUCTS_DIR)/FCTBubbleChat.app/FCTBubbleChat";
				FRAMEWORK_SEARCH_PATHS = (
					"$(SDKROOT)/Developer/Library/Frameworks",
					"$(inherited)",
					"$(DEVELOPER_FRAMEWORKS_DIR)",
				);
				GCC_PRECOMPILE_PREFIX_HEADER = YES;
				GCC_PREFIX_HEADER = "FCTBubbleChat/FCTBubbleChat-Prefix.pch";
				GCC_PREPROCESSOR_DEFINITIONS = (
					"DEBUG=1",
					"$(inherited)",
				);
				INFOPLIST_FILE = "FCTBubbleChatTests/FCTBubbleChatTests-Info.plist";
				PRODUCT_NAME = "$(TARGET_NAME)";
				TEST_HOST = "$(BUNDLE_LOADER)";
				WRAPPER_EXTENSION = xctest;
			};
			name = Debug;
		};
		9F26166E196292BB007FF741 /* Release */ = {
			isa = XCBuildConfiguration;
			buildSettings = {
				BUNDLE_LOADER = "$(BUILT_PRODUCTS_DIR)/FCTBubbleChat.app/FCTBubbleChat";
				FRAMEWORK_SEARCH_PATHS = (
					"$(SDKROOT)/Developer/Library/Frameworks",
					"$(inherited)",
					"$(DEVELOPER_FRAMEWORKS_DIR)",
				);
				GCC_PRECOMPILE_PREFIX_HEADER = YES;
				GCC_PREFIX_HEADER = "FCTBubbleChat/FCTBubbleChat-Prefix.pch";
				INFOPLIST_FILE = "FCTBubbleChatTests/FCTBubbleChatTests-Info.plist";
				PRODUCT_NAME = "$(TARGET_NAME)";
				TEST_HOST = "$(BUNDLE_LOADER)";
				WRAPPER_EXTENSION = xctest;
			};
			name = Release;
		};
/* End XCBuildConfiguration section */

/* Begin XCConfigurationList section */
		9F261638196292BB007FF741 /* Build configuration list for PBXProject "FCTBubbleChat" */ = {
			isa = XCConfigurationList;
			buildConfigurations = (
				9F261667196292BB007FF741 /* Debug */,
				9F261668196292BB007FF741 /* Release */,
			);
			defaultConfigurationIsVisible = 0;
			defaultConfigurationName = Release;
		};
		9F261669196292BB007FF741 /* Build configuration list for PBXNativeTarget "FCTBubbleChat" */ = {
			isa = XCConfigurationList;
			buildConfigurations = (
				9F26166A196292BB007FF741 /* Debug */,
				9F26166B196292BB007FF741 /* Release */,
			);
			defaultConfigurationIsVisible = 0;
			defaultConfigurationName = Release;
		};
		9F26166C196292BB007FF741 /* Build configuration list for PBXNativeTarget "FCTBubbleChatTests" */ = {
			isa = XCConfigurationList;
			buildConfigurations = (
				9F26166D196292BB007FF741 /* Debug */,
				9F26166E196292BB007FF741 /* Release */,
			);
			defaultConfigurationIsVisible = 0;
			defaultConfigurationName = Release;
		};
/* End XCConfigurationList section */
	};
	rootObject = 9F261635196292BB007FF741 /* Project object */;
}
